# This file is automatically @generated by Poetry 1.7.0 and should not be changed by hand.

[[package]]
name = "binary2strings"
version = "0.1.13"
description = "Fast string extraction from binary buffers."
optional = false
python-versions = ">=3.7"
files = [
    {file = "binary2strings-0.1.13-cp310-cp310-win_amd64.whl", hash = "sha256:02be02f5964726d4a001fb1a23c7feb02d71bfe9f4dbc15f899ef445a1904115"},
    {file = "binary2strings-0.1.13.tar.gz", hash = "sha256:c6395fc97c4d908b36e08f5a558a79d371a843a8b308e21a0e2b489591877620"},
]

[[package]]
name = "capstone"
version = "5.0.1"
description = "Capstone disassembly engine"
optional = false
python-versions = ">=2.7, !=3.0.*, !=3.1.*, !=3.2.*, !=3.3.*"
files = []
develop = false

[package.source]
type = "git"
url = "https://github.com/capstone-engine/capstone.git"
reference = "5.0.1"
resolved_reference = "097c04d9413c59a58b00d4d1c8d5dc0ac158ffaa"
subdirectory = "bindings/python"

[[package]]
name = "keystone-engine"
version = "0.9.3"
description = "Keystone assembler engine"
optional = false
python-versions = "*"
files = []
develop = false

[package.source]
type = "git"
url = "https://github.com/keystone-engine/keystone.git"
reference = "HEAD"
resolved_reference = "fb92f32391c6cced868252167509590319eeb58b"
subdirectory = "bindings/python"

[metadata]
lock-version = "2.0"
python-versions = "^3.8"
content-hash = "80ec53cbbfa1c446e667b22c87863546e7dcb2c435d9c1122202e982eb4972b2"
